Microsoft Visual Studio Solution File, Format Version 12.00
# Visual Studio Version 17
VisualStudioVersion = 17.5.2.0
MinimumVisualStudioVersion = 10.0.40219.1
Project("{FAE04EC0-301F-11D3-BF4B-00C04F79EFBC}") = "Hello World", "Hello World\Hello World.csproj", "{1B184820-6275-A5EF-FD6D-4833FB2F9D46}"
EndProject
Project("{FAE04EC0-301F-11D3-BF4B-00C04F79EFBC}") = "temperature_converter", "temperature_converter\temperature_converter.csproj", "{963CE0B8-FF46-411D-247E-1EDF2315A537}"
EndProject
Global
	GlobalSection(SolutionConfigurationPlatforms) = preSolution
		Debug|Any CPU = Debug|Any CPU
		Release|Any CPU = Release|Any CPU
	EndGlobalSection
	GlobalSection(ProjectConfigurationPlatforms) = postSolution
		{1B184820-6275-A5EF-FD6D-4833FB2F9D46}.Debug|Any CPU.ActiveCfg = Debug|Any CPU
		{1B184820-6275-A5EF-FD6D-4833FB2F9D46}.Debug|Any CPU.Build.0 = Debug|Any CPU
		{1B184820-6275-A5EF-FD6D-4833FB2F9D46}.Release|Any CPU.ActiveCfg = Release|Any CPU
		{1B184820-6275-A5EF-FD6D-4833FB2F9D46}.Release|Any CPU.Build.0 = Release|Any CPU
		{963CE0B8-FF46-411D-247E-1EDF2315A537}.Debug|Any CPU.ActiveCfg = Debug|Any CPU
		{963CE0B8-FF46-411D-247E-1EDF2315A537}.Debug|Any CPU.Build.0 = Debug|Any CPU
		{963CE0B8-FF46-411D-247E-1EDF2315A537}.Release|Any CPU.ActiveCfg = Release|Any CPU
		{963CE0B8-FF46-411D-247E-1EDF2315A537}.Release|Any CPU.Build.0 = Release|Any CPU
	EndGlobalSection
	GlobalSection(SolutionProperties) = preSolution
		HideSolutionNode = FALSE
	EndGlobalSection
	GlobalSection(ExtensibilityGlobals) = postSolution
		SolutionGuid = {8D128E92-F6F9-47D7-BA9B-8E9C406D825B}
	EndGlobalSection
EndGlobal
